
Microsoft Visual Studio Solution File, Format Version 12.00
# Visual Studio Version 16
VisualStudioVersion = 16.0.30611.23
MinimumVisualStudioVersion = 10.0.40219.1
Project("{FAE04EC0-301F-11D3-BF4B-00C04F79EFBC}") = "harrypotterdel1", "harrypotterdel1\harrypotterdel1.csproj", "{49C12FFE-C483-4351-9208-A19F46D55C28}"
EndProject
Global
	GlobalSection(SolutionConfigurationPlatforms) = preSolution
		Debug|Any CPU = Debug|Any CPU
		Release|Any CPU = Release|Any CPU
	EndGlobalSection
	GlobalSection(ProjectConfigurationPlatforms) = postSolution
		{49C12FFE-C483-4351-9208-A19F46D55C28}.Debug|Any CPU.ActiveCfg = Debug|Any CPU
		{49C12FFE-C483-4351-9208-A19F46D55C28}.Debug|Any CPU.Build.0 = Debug|Any CPU
		{49C12FFE-C483-4351-9208-A19F46D55C28}.Release|Any CPU.ActiveCfg = Release|Any CPU
		{49C12FFE-C483-4351-9208-A19F46D55C28}.Release|Any CPU.Build.0 = Release|Any CPU
	EndGlobalSection
	GlobalSection(SolutionProperties) = preSolution
		HideSolutionNode = FALSE
	EndGlobalSection
	GlobalSection(ExtensibilityGlobals) = postSolution
		SolutionGuid = {E5BEDAA0-8AF3-4719-8DFA-01CA8CB33228}
	EndGlobalSection
EndGlobal
